
Microsoft Visual Studio Solution File, Format Version 12.00
# Visual Studio Version 17
VisualStudioVersion = 17.11.35312.102
MinimumVisualStudioVersion = 10.0.40219.1
Project("{9092AA53-FB77-4645-B42D-1CCCA6BD08BD}") = "ProjectNCKH", "ProjectNCKH\ProjectNCKH.njsproj", "{80AD9BCB-72D8-41AF-B60C-DE9658979A8E}"
EndProject
Global
	GlobalSection(SolutionConfigurationPlatforms) = preSolution
		Debug|Any CPU = Debug|Any CPU
		Release|Any CPU = Release|Any CPU
	EndGlobalSection
	GlobalSection(ProjectConfigurationPlatforms) = postSolution
		{80AD9BCB-72D8-41AF-B60C-DE9658979A8E}.Debug|Any CPU.ActiveCfg = Debug|Any CPU
		{80AD9BCB-72D8-41AF-B60C-DE9658979A8E}.Debug|Any CPU.Build.0 = Debug|Any CPU
		{80AD9BCB-72D8-41AF-B60C-DE9658979A8E}.Release|Any CPU.ActiveCfg = Release|Any CPU
		{80AD9BCB-72D8-41AF-B60C-DE9658979A8E}.Release|Any CPU.Build.0 = Release|Any CPU
	EndGlobalSection
	GlobalSection(SolutionProperties) = preSolution
		HideSolutionNode = FALSE
	EndGlobalSection
	GlobalSection(ExtensibilityGlobals) = postSolution
		SolutionGuid = {D3132B19-B8F0-4A57-804D-2B1B0E339207}
	EndGlobalSection
EndGlobal
